PODS:
  - JFJExtension (1.0.6):
    - SnapKit
  - SnapKit (5.0.0)

DEPENDENCIES:
  - JFJExtension (from `../`)

SPEC REPOS:
  https://github.com/cocoapods/specs.git:
    - SnapKit

EXTERNAL SOURCES:
  JFJExtension:
    :path: "../"

SPEC CHECKSUMS:
  JFJExtension: fb53565cc624572561d7fc8e5deba5cf37babd16
  SnapKit: fd22d10eb9aff484d79a8724eab922c1ddf89bcf

PODFILE CHECKSUM: 4aac5aa826ed26531e702534191864ebd5af358a

COCOAPODS: 1.7.2
