PODS:
  - FBSnapshotTestCase (2.1.4):
    - FBSnapshotTestCase/SwiftSupport (= 2.1.4)
  - FBSnapshotTestCase/Core (2.1.4)
  - FBSnapshotTestCase/SwiftSupport (2.1.4):
    - FBSnapshotTestCase/Core
  - JFJExtension (1.0.0):
    - SnapKit
  - SnapKit (4.2.0)

DEPENDENCIES:
  - FBSnapshotTestCase (~> 2.1.4)
  - JFJExtension (from `../`)

SPEC REPOS:
  https://github.com/cocoapods/specs.git:
    - FBSnapshotTestCase
    - SnapKit

EXTERNAL SOURCES:
  JFJExtension:
    :path: "../"

SPEC CHECKSUMS:
  FBSnapshotTestCase: 094f9f314decbabe373b87cc339bea235a63e07a
  JFJExtension: debd3a677de4add3d68f118cf43603a004bfac67
  SnapKit: fe8a619752f3f27075cc9a90244d75c6c3f27e2a

PODFILE CHECKSUM: 1c5f5d487c2810626bf44e9aa77c2a6e21d7f90a

COCOAPODS: 1.6.1
